// !$*UTF8*$!
{
	archiveVersion = 1;
	classes = {
	};
	objectVersion = 56;
	objects = {

/* Begin PBXBuildFile section */
		0E1FE2202B39D11E00F0255C /* LeagueListUseCaseTests.swift in Sources */ = {isa = PBXBuildFile; fileRef = 0E1FE21F2B39D11E00F0255C /* LeagueListUseCaseTests.swift */; };
		0E1FE2232B39D4FF00F0255C /* LeagueListRepositoryTests.swift in Sources */ = {isa = PBXBuildFile; fileRef = 0E1FE2222B39D4FF00F0255C /* LeagueListRepositoryTests.swift */; };
		0E1FE2252B39DA6C00F0255C /* URLSession+Extensions.swift in Sources */ = {isa = PBXBuildFile; fileRef = 0E1FE2242B39DA6C00F0255C /* URLSession+Extensions.swift */; };
		0E1FE2472B3C2EF800F0255C /* LeagueDetailViewModel.swift in Sources */ = {isa = PBXBuildFile; fileRef = 0E1FE2442B3C2EF800F0255C /* LeagueDetailViewModel.swift */; };
		0E1FE2482B3C2EF800F0255C /* LeagueDetail.swift in Sources */ = {isa = PBXBuildFile; fileRef = 0E1FE2462B3C2EF800F0255C /* LeagueDetail.swift */; };
		0E1FE24B2B3C335B00F0255C /* TeamModel.swift in Sources */ = {isa = PBXBuildFile; fileRef = 0E1FE24A2B3C335B00F0255C /* TeamModel.swift */; };
		0E1FE24F2B3C37C900F0255C /* TeamView.swift in Sources */ = {isa = PBXBuildFile; fileRef = 0E1FE24E2B3C37C900F0255C /* TeamView.swift */; };
		0E1FE2522B3C3A4F00F0255C /* LeagueDetailUseCase.swift in Sources */ = {isa = PBXBuildFile; fileRef = 0E1FE2512B3C3A4F00F0255C /* LeagueDetailUseCase.swift */; };
		0E1FE2542B3C3AA600F0255C /* TeamEntity.swift in Sources */ = {isa = PBXBuildFile; fileRef = 0E1FE2532B3C3AA600F0255C /* TeamEntity.swift */; };
		0E1FE2582B3C3AEF00F0255C /* LeagueDetailRepository.swift in Sources */ = {isa = PBXBuildFile; fileRef = 0E1FE2572B3C3AEF00F0255C /* LeagueDetailRepository.swift */; };
		0E1FE25B2B3C3BAA00F0255C /* LeagueDetailDTO.swift in Sources */ = {isa = PBXBuildFile; fileRef = 0E1FE25A2B3C3BAA00F0255C /* LeagueDetailDTO.swift */; };
		0E1FE25D2B3C93BC00F0255C /* LeagueDetailViewModelTests.swift in Sources */ = {isa = PBXBuildFile; fileRef = 0E1FE25C2B3C93BC00F0255C /* LeagueDetailViewModelTests.swift */; };
		0E301BFE2B3D7D990055AA7B /* LeagueDetailUseCaseTests.swift in Sources */ = {isa = PBXBuildFile; fileRef = 0E301BFD2B3D7D990055AA7B /* LeagueDetailUseCaseTests.swift */; };
		0E301C002B3D89530055AA7B /* LeagueDetailRepositoryTests.swift in Sources */ = {isa = PBXBuildFile; fileRef = 0E301BFF2B3D89530055AA7B /* LeagueDetailRepositoryTests.swift */; };
		0E301C022B3D8EB30055AA7B /* APICaller.swift in Sources */ = {isa = PBXBuildFile; fileRef = 0E301C012B3D8EB30055AA7B /* APICaller.swift */; };
		0E301C052B3DBDE20055AA7B /* APICallerTests.swift in Sources */ = {isa = PBXBuildFile; fileRef = 0E301C042B3DBDE20055AA7B /* APICallerTests.swift */; };
		0E301C092B3ED8C90055AA7B /* APIConstants.swift in Sources */ = {isa = PBXBuildFile; fileRef = 0E301C082B3ED8C90055AA7B /* APIConstants.swift */; };
		0E301C0C2B3F15310055AA7B /* APIRequestTests.swift in Sources */ = {isa = PBXBuildFile; fileRef = 0E301C0B2B3F15310055AA7B /* APIRequestTests.swift */; };
		0E7681782B331BD400DBA0DF /* ParisSportifApp.swift in Sources */ = {isa = PBXBuildFile; fileRef = 0E7681772B331BD400DBA0DF /* ParisSportifApp.swift */; };
		0E76817A2B331BD400DBA0DF /* LeagueList.swift in Sources */ = {isa = PBXBuildFile; fileRef = 0E7681792B331BD400DBA0DF /* LeagueList.swift */; };
		0E76817C2B331BD500DBA0DF /* Assets.xcassets in Resources */ = {isa = PBXBuildFile; fileRef = 0E76817B2B331BD500DBA0DF /* Assets.xcassets */; };
		0E76817F2B331BD500DBA0DF /* Preview Assets.xcassets in Resources */ = {isa = PBXBuildFile; fileRef = 0E76817E2B331BD500DBA0DF /* Preview Assets.xcassets */; };
		0E7681A52B33227600DBA0DF /* LeagueListViewModel.swift in Sources */ = {isa = PBXBuildFile; fileRef = 0E7681A42B33227600DBA0DF /* LeagueListViewModel.swift */; };
		0EA15E3B2B34815400DD1E02 /* LeagueModel.swift in Sources */ = {isa = PBXBuildFile; fileRef = 0EA15E3A2B34815400DD1E02 /* LeagueModel.swift */; };
		0EA15E3F2B3490E900DD1E02 /* LeagueListUseCase.swift in Sources */ = {isa = PBXBuildFile; fileRef = 0EA15E3E2B3490E900DD1E02 /* LeagueListUseCase.swift */; };
		0EA15E422B3491A600DD1E02 /* LeagueListRepository.swift in Sources */ = {isa = PBXBuildFile; fileRef = 0EA15E412B3491A600DD1E02 /* LeagueListRepository.swift */; };
		0EA15E482B3495B200DD1E02 /* URLRequest+Extensions.swift in Sources */ = {isa = PBXBuildFile; fileRef = 0EA15E472B3495B200DD1E02 /* URLRequest+Extensions.swift */; };
		0EA15E4A2B3495D900DD1E02 /* APIEndpoints.swift in Sources */ = {isa = PBXBuildFile; fileRef = 0EA15E492B3495D900DD1E02 /* APIEndpoints.swift */; };
		0EA15E4E2B3496FB00DD1E02 /* LeagueListDTO.swift in Sources */ = {isa = PBXBuildFile; fileRef = 0EA15E4D2B3496FB00DD1E02 /* LeagueListDTO.swift */; };
		0EA15E502B35949C00DD1E02 /* PSError.swift in Sources */ = {isa = PBXBuildFile; fileRef = 0EA15E4F2B35949C00DD1E02 /* PSError.swift */; };
		0EA15E522B359A5800DD1E02 /* LeagueEntity.swift in Sources */ = {isa = PBXBuildFile; fileRef = 0EA15E512B359A5800DD1E02 /* LeagueEntity.swift */; };
		0EA15E552B397FF200DD1E02 /* View+Extensions.swift in Sources */ = {isa = PBXBuildFile; fileRef = 0EA15E542B397FF200DD1E02 /* View+Extensions.swift */; };
		0EA15E5B2B398C2B00DD1E02 /* LocalizedAlertError.swift in Sources */ = {isa = PBXBuildFile; fileRef = 0EA15E5A2B398C2B00DD1E02 /* LocalizedAlertError.swift */; };
		0EA15E5E2B39928100DD1E02 /* LeagueListViewModelTests.swift in Sources */ = {isa = PBXBuildFile; fileRef = 0EA15E5D2B39928100DD1E02 /* LeagueListViewModelTests.swift */; };
/* End PBXBuildFile section */

/* Begin PBXContainerItemProxy section */
		0E7681852B331BD500DBA0DF /* PBXContainerItemProxy */ = {
			isa = PBXContainerItemProxy;
			containerPortal = 0E76816C2B331BD400DBA0DF /* Project object */;
			proxyType = 1;
			remoteGlobalIDString = 0E7681732B331BD400DBA0DF;
			remoteInfo = ParisSportif;
		};
/* End PBXContainerItemProxy section */

/* Begin PBXFileReference section */
		0E1FE21F2B39D11E00F0255C /* LeagueListUseCaseTests.swift */ = {isa = PBXFileReference; lastKnownFileType = sourcecode.swift; path = LeagueListUseCaseTests.swift; sourceTree = "<group>"; };
		0E1FE2222B39D4FF00F0255C /* LeagueListRepositoryTests.swift */ = {isa = PBXFileReference; lastKnownFileType = sourcecode.swift; path = LeagueListRepositoryTests.swift; sourceTree = "<group>"; };
		0E1FE2242B39DA6C00F0255C /* URLSession+Extensions.swift */ = {isa = PBXFileReference; lastKnownFileType = sourcecode.swift; path = "URLSession+Extensions.swift"; sourceTree = "<group>"; };
		0E1FE2442B3C2EF800F0255C /* LeagueDetailViewModel.swift */ = {isa = PBXFileReference; fileEncoding = 4; lastKnownFileType = sourcecode.swift; path = LeagueDetailViewModel.swift; sourceTree = "<group>"; };
		0E1FE2462B3C2EF800F0255C /* LeagueDetail.swift */ = {isa = PBXFileReference; fileEncoding = 4; lastKnownFileType = sourcecode.swift; path = LeagueDetail.swift; sourceTree = "<group>"; };
		0E1FE24A2B3C335B00F0255C /* TeamModel.swift */ = {isa = PBXFileReference; lastKnownFileType = sourcecode.swift; path = TeamModel.swift; sourceTree = "<group>"; };
		0E1FE24E2B3C37C900F0255C /* TeamView.swift */ = {isa = PBXFileReference; lastKnownFileType = sourcecode.swift; path = TeamView.swift; sourceTree = "<group>"; };
		0E1FE2512B3C3A4F00F0255C /* LeagueDetailUseCase.swift */ = {isa = PBXFileReference; lastKnownFileType = sourcecode.swift; path = LeagueDetailUseCase.swift; sourceTree = "<group>"; };
		0E1FE2532B3C3AA600F0255C /* TeamEntity.swift */ = {isa = PBXFileReference; lastKnownFileType = sourcecode.swift; path = TeamEntity.swift; sourceTree = "<group>"; };
		0E1FE2572B3C3AEF00F0255C /* LeagueDetailRepository.swift */ = {isa = PBXFileReference; lastKnownFileType = sourcecode.swift; path = LeagueDetailRepository.swift; sourceTree = "<group>"; };
		0E1FE25A2B3C3BAA00F0255C /* LeagueDetailDTO.swift */ = {isa = PBXFileReference; lastKnownFileType = sourcecode.swift; path = LeagueDetailDTO.swift; sourceTree = "<group>"; };
		0E1FE25C2B3C93BC00F0255C /* LeagueDetailViewModelTests.swift */ = {isa = PBXFileReference; lastKnownFileType = sourcecode.swift; path = LeagueDetailViewModelTests.swift; sourceTree = "<group>"; };
		0E301BFD2B3D7D990055AA7B /* LeagueDetailUseCaseTests.swift */ = {isa = PBXFileReference; lastKnownFileType = sourcecode.swift; path = LeagueDetailUseCaseTests.swift; sourceTree = "<group>"; };
		0E301BFF2B3D89530055AA7B /* LeagueDetailRepositoryTests.swift */ = {isa = PBXFileReference; lastKnownFileType = sourcecode.swift; path = LeagueDetailRepositoryTests.swift; sourceTree = "<group>"; };
		0E301C012B3D8EB30055AA7B /* APICaller.swift */ = {isa = PBXFileReference; lastKnownFileType = sourcecode.swift; path = APICaller.swift; sourceTree = "<group>"; };
		0E301C042B3DBDE20055AA7B /* APICallerTests.swift */ = {isa = PBXFileReference; lastKnownFileType = sourcecode.swift; path = APICallerTests.swift; sourceTree = "<group>"; };
		0E301C082B3ED8C90055AA7B /* APIConstants.swift */ = {isa = PBXFileReference; lastKnownFileType = sourcecode.swift; path = APIConstants.swift; sourceTree = "<group>"; };
		0E301C0B2B3F15310055AA7B /* APIRequestTests.swift */ = {isa = PBXFileReference; lastKnownFileType = sourcecode.swift; path = APIRequestTests.swift; sourceTree = "<group>"; };
		0E7681742B331BD400DBA0DF /* ParisSportif.app */ = {isa = PBXFileReference; explicitFileType = wrapper.application; includeInIndex = 0; path = ParisSportif.app; sourceTree = BUILT_PRODUCTS_DIR; };
		0E7681772B331BD400DBA0DF /* ParisSportifApp.swift */ = {isa = PBXFileReference; lastKnownFileType = sourcecode.swift; path = ParisSportifApp.swift; sourceTree = "<group>"; };
		0E7681792B331BD400DBA0DF /* LeagueList.swift */ = {isa = PBXFileReference; lastKnownFileType = sourcecode.swift; path = LeagueList.swift; sourceTree = "<group>"; };
		0E76817B2B331BD500DBA0DF /* Assets.xcassets */ = {isa = PBXFileReference; lastKnownFileType = folder.assetcatalog; path = Assets.xcassets; sourceTree = "<group>"; };
		0E76817E2B331BD500DBA0DF /* Preview Assets.xcassets */ = {isa = PBXFileReference; lastKnownFileType = folder.assetcatalog; path = "Preview Assets.xcassets"; sourceTree = "<group>"; };
		0E7681842B331BD500DBA0DF /* ParisSportifTests.xctest */ = {isa = PBXFileReference; explicitFileType = wrapper.cfbundle; includeInIndex = 0; path = ParisSportifTests.xctest; sourceTree = BUILT_PRODUCTS_DIR; };
		0E7681A42B33227600DBA0DF /* LeagueListViewModel.swift */ = {isa = PBXFileReference; lastKnownFileType = sourcecode.swift; path = LeagueListViewModel.swift; sourceTree = "<group>"; };
		0EA15E3A2B34815400DD1E02 /* LeagueModel.swift */ = {isa = PBXFileReference; lastKnownFileType = sourcecode.swift; path = LeagueModel.swift; sourceTree = "<group>"; };
		0EA15E3E2B3490E900DD1E02 /* LeagueListUseCase.swift */ = {isa = PBXFileReference; lastKnownFileType = sourcecode.swift; path = LeagueListUseCase.swift; sourceTree = "<group>"; };
		0EA15E412B3491A600DD1E02 /* LeagueListRepository.swift */ = {isa = PBXFileReference; lastKnownFileType = sourcecode.swift; path = LeagueListRepository.swift; sourceTree = "<group>"; };
		0EA15E472B3495B200DD1E02 /* URLRequest+Extensions.swift */ = {isa = PBXFileReference; lastKnownFileType = sourcecode.swift; path = "URLRequest+Extensions.swift"; sourceTree = "<group>"; };
		0EA15E492B3495D900DD1E02 /* APIEndpoints.swift */ = {isa = PBXFileReference; lastKnownFileType = sourcecode.swift; path = APIEndpoints.swift; sourceTree = "<group>"; };
		0EA15E4D2B3496FB00DD1E02 /* LeagueListDTO.swift */ = {isa = PBXFileReference; lastKnownFileType = sourcecode.swift; path = LeagueListDTO.swift; sourceTree = "<group>"; };
		0EA15E4F2B35949C00DD1E02 /* PSError.swift */ = {isa = PBXFileReference; lastKnownFileType = sourcecode.swift; path = PSError.swift; sourceTree = "<group>"; };
		0EA15E512B359A5800DD1E02 /* LeagueEntity.swift */ = {isa = PBXFileReference; lastKnownFileType = sourcecode.swift; path = LeagueEntity.swift; sourceTree = "<group>"; };
		0EA15E542B397FF200DD1E02 /* View+Extensions.swift */ = {isa = PBXFileReference; lastKnownFileType = sourcecode.swift; path = "View+Extensions.swift"; sourceTree = "<group>"; };
		0EA15E5A2B398C2B00DD1E02 /* LocalizedAlertError.swift */ = {isa = PBXFileReference; fileEncoding = 4; lastKnownFileType = sourcecode.swift; path = LocalizedAlertError.swift; sourceTree = "<group>"; };
		0EA15E5D2B39928100DD1E02 /* LeagueListViewModelTests.swift */ = {isa = PBXFileReference; lastKnownFileType = sourcecode.swift; path = LeagueListViewModelTests.swift; sourceTree = "<group>"; };
/* End PBXFileReference section */

/* Begin PBXFrameworksBuildPhase section */
		0E7681712B331BD400DBA0DF /* Frameworks */ = {
			isa = PBXFrameworksBuildPhase;
			buildActionMask = 2147483647;
			files = (
			);
			runOnlyForDeploymentPostprocessing = 0;
		};
		0E7681812B331BD500DBA0DF /* Frameworks */ = {
			isa = PBXFrameworksBuildPhase;
			buildActionMask = 2147483647;
			files = (
			);
			runOnlyForDeploymentPostprocessing = 0;
		};
/* End PBXFrameworksBuildPhase section */

/* Begin PBXGroup section */
		0E1FE21E2B39D0FA00F0255C /* Domain */ = {
			isa = PBXGroup;
			children = (
				0E1FE21F2B39D11E00F0255C /* LeagueListUseCaseTests.swift */,
				0E301BFD2B3D7D990055AA7B /* LeagueDetailUseCaseTests.swift */,
			);
			path = Domain;
			sourceTree = "<group>";
		};
		0E1FE2212B39D4EE00F0255C /* Repository */ = {
			isa = PBXGroup;
			children = (
				0E1FE2222B39D4FF00F0255C /* LeagueListRepositoryTests.swift */,
				0E301BFF2B3D89530055AA7B /* LeagueDetailRepositoryTests.swift */,
			);
			path = Repository;
			sourceTree = "<group>";
		};
		0E1FE2422B3C2EF800F0255C /* LeagueDetail */ = {
			isa = PBXGroup;
			children = (
				0E1FE2552B3C3AD600F0255C /* Data */,
				0E1FE2502B3C3A3300F0255C /* Domain */,
				0E1FE2492B3C334900F0255C /* Models */,
				0E1FE2432B3C2EF800F0255C /* ViewModels */,
				0E1FE2452B3C2EF800F0255C /* Views */,
			);
			path = LeagueDetail;
			sourceTree = "<group>";
		};
		0E1FE2432B3C2EF800F0255C /* ViewModels */ = {
			isa = PBXGroup;
			children = (
				0E1FE2442B3C2EF800F0255C /* LeagueDetailViewModel.swift */,
			);
			path = ViewModels;
			sourceTree = "<group>";
		};
		0E1FE2452B3C2EF800F0255C /* Views */ = {
			isa = PBXGroup;
			children = (
				0E1FE2462B3C2EF800F0255C /* LeagueDetail.swift */,
				0E1FE24E2B3C37C900F0255C /* TeamView.swift */,
			);
			path = Views;
			sourceTree = "<group>";
		};
		0E1FE2492B3C334900F0255C /* Models */ = {
			isa = PBXGroup;
			children = (
				0E1FE24A2B3C335B00F0255C /* TeamModel.swift */,
			);
			path = Models;
			sourceTree = "<group>";
		};
		0E1FE2502B3C3A3300F0255C /* Domain */ = {
			isa = PBXGroup;
			children = (
				0E1FE2512B3C3A4F00F0255C /* LeagueDetailUseCase.swift */,
				0E1FE2532B3C3AA600F0255C /* TeamEntity.swift */,
			);
			path = Domain;
			sourceTree = "<group>";
		};
		0E1FE2552B3C3AD600F0255C /* Data */ = {
			isa = PBXGroup;
			children = (
				0E1FE2592B3C3B9C00F0255C /* DTO */,
				0E1FE2562B3C3ADB00F0255C /* Repositories */,
			);
			path = Data;
			sourceTree = "<group>";
		};
		0E1FE2562B3C3ADB00F0255C /* Repositories */ = {
			isa = PBXGroup;
			children = (
				0E1FE2572B3C3AEF00F0255C /* LeagueDetailRepository.swift */,
			);
			path = Repositories;
			sourceTree = "<group>";
		};
		0E1FE2592B3C3B9C00F0255C /* DTO */ = {
			isa = PBXGroup;
			children = (
				0E1FE25A2B3C3BAA00F0255C /* LeagueDetailDTO.swift */,
			);
			path = DTO;
			sourceTree = "<group>";
		};
		0E301C032B3DBDD30055AA7B /* Network */ = {
			isa = PBXGroup;
			children = (
				0E301C042B3DBDE20055AA7B /* APICallerTests.swift */,
				0E301C0B2B3F15310055AA7B /* APIRequestTests.swift */,
			);
			path = Network;
			sourceTree = "<group>";
		};
		0E301C0A2B3ED8CE0055AA7B /* API */ = {
			isa = PBXGroup;
			children = (
				0EA15E492B3495D900DD1E02 /* APIEndpoints.swift */,
				0E301C082B3ED8C90055AA7B /* APIConstants.swift */,
				0E301C012B3D8EB30055AA7B /* APICaller.swift */,
			);
			path = API;
			sourceTree = "<group>";
		};
		0E76816B2B331BD400DBA0DF = {
			isa = PBXGroup;
			children = (
				0E7681762B331BD400DBA0DF /* ParisSportif */,
				0E7681872B331BD500DBA0DF /* ParisSportifTests */,
				0E7681752B331BD400DBA0DF /* Products */,
			);
			sourceTree = "<group>";
		};
		0E7681752B331BD400DBA0DF /* Products */ = {
			isa = PBXGroup;
			children = (
				0E7681742B331BD400DBA0DF /* ParisSportif.app */,
				0E7681842B331BD500DBA0DF /* ParisSportifTests.xctest */,
			);
			name = Products;
			sourceTree = "<group>";
		};
		0E7681762B331BD400DBA0DF /* ParisSportif */ = {
			isa = PBXGroup;
			children = (
				0E1FE2422B3C2EF800F0255C /* LeagueDetail */,
				0E7681A12B33224A00DBA0DF /* LeagueList */,
				0EA15E432B34954200DD1E02 /* Common */,
				0E7681772B331BD400DBA0DF /* ParisSportifApp.swift */,
				0E76817B2B331BD500DBA0DF /* Assets.xcassets */,
				0E76817D2B331BD500DBA0DF /* Preview Content */,
			);
			path = ParisSportif;
			sourceTree = "<group>";
		};
		0E76817D2B331BD500DBA0DF /* Preview Content */ = {
			isa = PBXGroup;
			children = (
				0E76817E2B331BD500DBA0DF /* Preview Assets.xcassets */,
			);
			path = "Preview Content";
			sourceTree = "<group>";
		};
		0E7681872B331BD500DBA0DF /* ParisSportifTests */ = {
			isa = PBXGroup;
			children = (
				0E301C032B3DBDD30055AA7B /* Network */,
				0E1FE2212B39D4EE00F0255C /* Repository */,
				0E1FE21E2B39D0FA00F0255C /* Domain */,
				0EA15E5C2B39925400DD1E02 /* ViewModel */,
			);
			path = ParisSportifTests;
			sourceTree = "<group>";
		};
		0E7681A12B33224A00DBA0DF /* LeagueList */ = {
			isa = PBXGroup;
			children = (
				0EA15E402B34919400DD1E02 /* Data */,
				0EA15E3D2B3490CA00DD1E02 /* Domain */,
				0EA15E372B34811700DD1E02 /* Models */,
				0E7681A32B33225F00DBA0DF /* ViewModels */,
				0E7681A22B33225700DBA0DF /* Views */,
			);
			path = LeagueList;
			sourceTree = "<group>";
		};
		0E7681A22B33225700DBA0DF /* Views */ = {
			isa = PBXGroup;
			children = (
				0E7681792B331BD400DBA0DF /* LeagueList.swift */,
			);
			path = Views;
			sourceTree = "<group>";
		};
		0E7681A32B33225F00DBA0DF /* ViewModels */ = {
			isa = PBXGroup;
			children = (
				0E7681A42B33227600DBA0DF /* LeagueListViewModel.swift */,
			);
			path = ViewModels;
			sourceTree = "<group>";
		};
		0EA15E372B34811700DD1E02 /* Models */ = {
			isa = PBXGroup;
			children = (
				0EA15E3A2B34815400DD1E02 /* LeagueModel.swift */,
			);
			path = Models;
			sourceTree = "<group>";
		};
		0EA15E3D2B3490CA00DD1E02 /* Domain */ = {
			isa = PBXGroup;
			children = (
				0EA15E3E2B3490E900DD1E02 /* LeagueListUseCase.swift */,
				0EA15E512B359A5800DD1E02 /* LeagueEntity.swift */,
			);
			path = Domain;
			sourceTree = "<group>";
		};
		0EA15E402B34919400DD1E02 /* Data */ = {
			isa = PBXGroup;
			children = (
				0EA15E4C2B3496E500DD1E02 /* DTO */,
				0EA15E4B2B3496DC00DD1E02 /* Repositories */,
			);
			path = Data;
			sourceTree = "<group>";
		};
		0EA15E432B34954200DD1E02 /* Common */ = {
			isa = PBXGroup;
			children = (
				0EA15E5A2B398C2B00DD1E02 /* LocalizedAlertError.swift */,
				0EA15E532B397FDE00DD1E02 /* View */,
				0EA15E442B34954900DD1E02 /* Network */,
			);
			path = Common;
			sourceTree = "<group>";
		};
		0EA15E442B34954900DD1E02 /* Network */ = {
			isa = PBXGroup;
			children = (
				0E301C0A2B3ED8CE0055AA7B /* API */,
				0EA15E472B3495B200DD1E02 /* URLRequest+Extensions.swift */,
				0EA15E4F2B35949C00DD1E02 /* PSError.swift */,
				0E1FE2242B39DA6C00F0255C /* URLSession+Extensions.swift */,
			);
			path = Network;
			sourceTree = "<group>";
		};
		0EA15E4B2B3496DC00DD1E02 /* Repositories */ = {
			isa = PBXGroup;
			children = (
				0EA15E412B3491A600DD1E02 /* LeagueListRepository.swift */,
			);
			path = Repositories;
			sourceTree = "<group>";
		};
		0EA15E4C2B3496E500DD1E02 /* DTO */ = {
			isa = PBXGroup;
			children = (
				0EA15E4D2B3496FB00DD1E02 /* LeagueListDTO.swift */,
			);
			path = DTO;
			sourceTree = "<group>";
		};
		0EA15E532B397FDE00DD1E02 /* View */ = {
			isa = PBXGroup;
			children = (
				0EA15E542B397FF200DD1E02 /* View+Extensions.swift */,
			);
			path = View;
			sourceTree = "<group>";
		};
		0EA15E5C2B39925400DD1E02 /* ViewModel */ = {
			isa = PBXGroup;
			children = (
				0EA15E5D2B39928100DD1E02 /* LeagueListViewModelTests.swift */,
				0E1FE25C2B3C93BC00F0255C /* LeagueDetailViewModelTests.swift */,
			);
			path = ViewModel;
			sourceTree = "<group>";
		};
/* End PBXGroup section */

/* Begin PBXNativeTarget section */
		0E7681732B331BD400DBA0DF /* ParisSportif */ = {
			isa = PBXNativeTarget;
			buildConfigurationList = 0E7681982B331BD500DBA0DF /* Build configuration list for PBXNativeTarget "ParisSportif" */;
			buildPhases = (
				0E7681702B331BD400DBA0DF /* Sources */,
				0E7681712B331BD400DBA0DF /* Frameworks */,
				0E7681722B331BD400DBA0DF /* Resources */,
			);
			buildRules = (
			);
			dependencies = (
			);
			name = ParisSportif;
			packageProductDependencies = (
			);
			productName = ParisSportif;
			productReference = 0E7681742B331BD400DBA0DF /* ParisSportif.app */;
			productType = "com.apple.product-type.application";
		};
		0E7681832B331BD500DBA0DF /* ParisSportifTests */ = {
			isa = PBXNativeTarget;
			buildConfigurationList = 0E76819B2B331BD500DBA0DF /* Build configuration list for PBXNativeTarget "ParisSportifTests" */;
			buildPhases = (
				0E7681802B331BD500DBA0DF /* Sources */,
				0E7681812B331BD500DBA0DF /* Frameworks */,
				0E7681822B331BD500DBA0DF /* Resources */,
			);
			buildRules = (
			);
			dependencies = (
				0E7681862B331BD500DBA0DF /* PBXTargetDependency */,
			);
			name = ParisSportifTests;
			productName = ParisSportifTests;
			productReference = 0E7681842B331BD500DBA0DF /* ParisSportifTests.xctest */;
			productType = "com.apple.product-type.bundle.unit-test";
		};
/* End PBXNativeTarget section */

/* Begin PBXProject section */
		0E76816C2B331BD400DBA0DF /* Project object */ = {
			isa = PBXProject;
			attributes = {
				BuildIndependentTargetsInParallel = 1;
				LastSwiftUpdateCheck = 1500;
				LastUpgradeCheck = 1500;
				TargetAttributes = {
					0E7681732B331BD400DBA0DF = {
						CreatedOnToolsVersion = 15.0.1;
					};
					0E7681832B331BD500DBA0DF = {
						CreatedOnToolsVersion = 15.0.1;
						TestTargetID = 0E7681732B331BD400DBA0DF;
					};
				};
			};
			buildConfigurationList = 0E76816F2B331BD400DBA0DF /* Build configuration list for PBXProject "ParisSportif" */;
			compatibilityVersion = "Xcode 14.0";
			developmentRegion = en;
			hasScannedForEncodings = 0;
			knownRegions = (
				en,
				Base,
			);
			mainGroup = 0E76816B2B331BD400DBA0DF;
			packageReferences = (
			);
			productRefGroup = 0E7681752B331BD400DBA0DF /* Products */;
			projectDirPath = "";
			projectRoot = "";
			targets = (
				0E7681732B331BD400DBA0DF /* ParisSportif */,
				0E7681832B331BD500DBA0DF /* ParisSportifTests */,
			);
		};
/* End PBXProject section */

/* Begin PBXResourcesBuildPhase section */
		0E7681722B331BD400DBA0DF /* Resources */ = {
			isa = PBXResourcesBuildPhase;
			buildActionMask = 2147483647;
			files = (
				0E76817F2B331BD500DBA0DF /* Preview Assets.xcassets in Resources */,
				0E76817C2B331BD500DBA0DF /* Assets.xcassets in Resources */,
			);
			runOnlyForDeploymentPostprocessing = 0;
		};
		0E7681822B331BD500DBA0DF /* Resources */ = {
			isa = PBXResourcesBuildPhase;
			buildActionMask = 2147483647;
			files = (
			);
			runOnlyForDeploymentPostprocessing = 0;
		};
/* End PBXResourcesBuildPhase section */

/* Begin PBXSourcesBuildPhase section */
		0E7681702B331BD400DBA0DF /* Sources */ = {
			isa = PBXSourcesBuildPhase;
			buildActionMask = 2147483647;
			files = (
				0EA15E422B3491A600DD1E02 /* LeagueListRepository.swift in Sources */,
				0EA15E482B3495B200DD1E02 /* URLRequest+Extensions.swift in Sources */,
				0EA15E4E2B3496FB00DD1E02 /* LeagueListDTO.swift in Sources */,
				0E1FE2482B3C2EF800F0255C /* LeagueDetail.swift in Sources */,
				0E7681A52B33227600DBA0DF /* LeagueListViewModel.swift in Sources */,
				0EA15E522B359A5800DD1E02 /* LeagueEntity.swift in Sources */,
				0E76817A2B331BD400DBA0DF /* LeagueList.swift in Sources */,
				0E301C022B3D8EB30055AA7B /* APICaller.swift in Sources */,
				0E1FE25B2B3C3BAA00F0255C /* LeagueDetailDTO.swift in Sources */,
				0EA15E4A2B3495D900DD1E02 /* APIEndpoints.swift in Sources */,
				0E1FE24B2B3C335B00F0255C /* TeamModel.swift in Sources */,
				0E1FE2582B3C3AEF00F0255C /* LeagueDetailRepository.swift in Sources */,
				0E7681782B331BD400DBA0DF /* ParisSportifApp.swift in Sources */,
				0EA15E3F2B3490E900DD1E02 /* LeagueListUseCase.swift in Sources */,
				0EA15E502B35949C00DD1E02 /* PSError.swift in Sources */,
				0EA15E5B2B398C2B00DD1E02 /* LocalizedAlertError.swift in Sources */,
				0E1FE2472B3C2EF800F0255C /* LeagueDetailViewModel.swift in Sources */,
				0EA15E552B397FF200DD1E02 /* View+Extensions.swift in Sources */,
				0E1FE2542B3C3AA600F0255C /* TeamEntity.swift in Sources */,
				0E1FE2522B3C3A4F00F0255C /* LeagueDetailUseCase.swift in Sources */,
				0E301C092B3ED8C90055AA7B /* APIConstants.swift in Sources */,
				0E1FE2252B39DA6C00F0255C /* URLSession+Extensions.swift in Sources */,
				0EA15E3B2B34815400DD1E02 /* LeagueModel.swift in Sources */,
				0E1FE24F2B3C37C900F0255C /* TeamView.swift in Sources */,
			);
			runOnlyForDeploymentPostprocessing = 0;
		};
		0E7681802B331BD500DBA0DF /* Sources */ = {
			isa = PBXSourcesBuildPhase;
			buildActionMask = 2147483647;
			files = (
				0E1FE25D2B3C93BC00F0255C /* LeagueDetailViewModelTests.swift in Sources */,
				0E301C002B3D89530055AA7B /* LeagueDetailRepositoryTests.swift in Sources */,
				0E301BFE2B3D7D990055AA7B /* LeagueDetailUseCaseTests.swift in Sources */,
				0E1FE2202B39D11E00F0255C /* LeagueListUseCaseTests.swift in Sources */,
				0E1FE2232B39D4FF00F0255C /* LeagueListRepositoryTests.swift in Sources */,
				0E301C052B3DBDE20055AA7B /* APICallerTests.swift in Sources */,
				0E301C0C2B3F15310055AA7B /* APIRequestTests.swift in Sources */,
				0EA15E5E2B39928100DD1E02 /* LeagueListViewModelTests.swift in Sources */,
			);
			runOnlyForDeploymentPostprocessing = 0;
		};
/* End PBXSourcesBuildPhase section */

/* Begin PBXTargetDependency section */
		0E7681862B331BD500DBA0DF /* PBXTargetDependency */ = {
			isa = PBXTargetDependency;
			target = 0E7681732B331BD400DBA0DF /* ParisSportif */;
			targetProxy = 0E7681852B331BD500DBA0DF /* PBXContainerItemProxy */;
		};
/* End PBXTargetDependency section */

/* Begin XCBuildConfiguration section */
		0E7681962B331BD500DBA0DF /* Debug */ = {
			isa = XCBuildConfiguration;
			buildSettings = {
				ALWAYS_SEARCH_USER_PATHS = NO;
				ASSETCATALOG_COMPILER_GENERATE_SWIFT_ASSET_SYMBOL_EXTENSIONS = YES;
				CLANG_ANALYZER_NONNULL = YES;
				CLANG_ANALYZER_NUMBER_OBJECT_CONVERSION = YES_AGGRESSIVE;
				CLANG_CXX_LANGUAGE_STANDARD = "gnu++20";
				CLANG_ENABLE_MODULES = YES;
				CLANG_ENABLE_OBJC_ARC = YES;
				CLANG_ENABLE_OBJC_WEAK = YES;
				CLANG_WARN_BLOCK_CAPTURE_AUTORELEASING = YES;
				CLANG_WARN_BOOL_CONVERSION = YES;
				CLANG_WARN_COMMA = YES;
				CLANG_WARN_CONSTANT_CONVERSION = YES;
				CLANG_WARN_DEPRECATED_OBJC_IMPLEMENTATIONS = YES;
				CLANG_WARN_DIRECT_OBJC_ISA_USAGE = YES_ERROR;
				CLANG_WARN_DOCUMENTATION_COMMENTS = YES;
				CLANG_WARN_EMPTY_BODY = YES;
				CLANG_WARN_ENUM_CONVERSION = YES;
				CLANG_WARN_INFINITE_RECURSION = YES;
				CLANG_WARN_INT_CONVERSION = YES;
				CLANG_WARN_NON_LITERAL_NULL_CONVERSION = YES;
				CLANG_WARN_OBJC_IMPLICIT_RETAIN_SELF = YES;
				CLANG_WARN_OBJC_LITERAL_CONVERSION = YES;
				CLANG_WARN_OBJC_ROOT_CLASS = YES_ERROR;
				CLANG_WARN_QUOTED_INCLUDE_IN_FRAMEWORK_HEADER = YES;
				CLANG_WARN_RANGE_LOOP_ANALYSIS = YES;
				CLANG_WARN_STRICT_PROTOTYPES = YES;
				CLANG_WARN_SUSPICIOUS_MOVE = YES;
				CLANG_WARN_UNGUARDED_AVAILABILITY = YES_AGGRESSIVE;
				CLANG_WARN_UNREACHABLE_CODE = YES;
				CLANG_WARN__DUPLICATE_METHOD_MATCH = YES;
				COPY_PHASE_STRIP = NO;
				DEBUG_INFORMATION_FORMAT = dwarf;
				ENABLE_STRICT_OBJC_MSGSEND = YES;
				ENABLE_TESTABILITY = YES;
				ENABLE_USER_SCRIPT_SANDBOXING = YES;
				GCC_C_LANGUAGE_STANDARD = gnu17;
				GCC_DYNAMIC_NO_PIC = NO;
				GCC_NO_COMMON_BLOCKS = YES;
				GCC_OPTIMIZATION_LEVEL = 0;
				GCC_PREPROCESSOR_DEFINITIONS = (
					"DEBUG=1",
					"$(inherited)",
				);
				GCC_WARN_64_TO_32_BIT_CONVERSION = YES;
				GCC_WARN_ABOUT_RETURN_TYPE = YES_ERROR;
				GCC_WARN_UNDECLARED_SELECTOR = YES;
				GCC_WARN_UNINITIALIZED_AUTOS = YES_AGGRESSIVE;
				GCC_WARN_UNUSED_FUNCTION = YES;
				GCC_WARN_UNUSED_VARIABLE = YES;
				IPHONEOS_DEPLOYMENT_TARGET = 17.0;
				LOCALIZATION_PREFERS_STRING_CATALOGS = YES;
				MTL_ENABLE_DEBUG_INFO = INCLUDE_SOURCE;
				MTL_FAST_MATH = YES;
				ONLY_ACTIVE_ARCH = YES;
				SDKROOT = iphoneos;
				SWIFT_ACTIVE_COMPILATION_CONDITIONS = "DEBUG $(inherited)";
				SWIFT_OPTIMIZATION_LEVEL = "-Onone";
			};
			name = Debug;
		};
		0E7681972B331BD500DBA0DF /* Release */ = {
			isa = XCBuildConfiguration;
			buildSettings = {
				ALWAYS_SEARCH_USER_PATHS = NO;
				ASSETCATALOG_COMPILER_GENERATE_SWIFT_ASSET_SYMBOL_EXTENSIONS = YES;
				CLANG_ANALYZER_NONNULL = YES;
				CLANG_ANALYZER_NUMBER_OBJECT_CONVERSION = YES_AGGRESSIVE;
				CLANG_CXX_LANGUAGE_STANDARD = "gnu++20";
				CLANG_ENABLE_MODULES = YES;
				CLANG_ENABLE_OBJC_ARC = YES;
				CLANG_ENABLE_OBJC_WEAK = YES;
				CLANG_WARN_BLOCK_CAPTURE_AUTORELEASING = YES;
				CLANG_WARN_BOOL_CONVERSION = YES;
				CLANG_WARN_COMMA = YES;
				CLANG_WARN_CONSTANT_CONVERSION = YES;
				CLANG_WARN_DEPRECATED_OBJC_IMPLEMENTATIONS = YES;
				CLANG_WARN_DIRECT_OBJC_ISA_USAGE = YES_ERROR;
				CLANG_WARN_DOCUMENTATION_COMMENTS = YES;
				CLANG_WARN_EMPTY_BODY = YES;
				CLANG_WARN_ENUM_CONVERSION = YES;
				CLANG_WARN_INFINITE_RECURSION = YES;
				CLANG_WARN_INT_CONVERSION = YES;
				CLANG_WARN_NON_LITERAL_NULL_CONVERSION = YES;
				CLANG_WARN_OBJC_IMPLICIT_RETAIN_SELF = YES;
				CLANG_WARN_OBJC_LITERAL_CONVERSION = YES;
				CLANG_WARN_OBJC_ROOT_CLASS = YES_ERROR;
				CLANG_WARN_QUOTED_INCLUDE_IN_FRAMEWORK_HEADER = YES;
				CLANG_WARN_RANGE_LOOP_ANALYSIS = YES;
				CLANG_WARN_STRICT_PROTOTYPES = YES;
				CLANG_WARN_SUSPICIOUS_MOVE = YES;
				CLANG_WARN_UNGUARDED_AVAILABILITY = YES_AGGRESSIVE;
				CLANG_WARN_UNREACHABLE_CODE = YES;
				CLANG_WARN__DUPLICATE_METHOD_MATCH = YES;
				COPY_PHASE_STRIP = NO;
				DEBUG_INFORMATION_FORMAT = "dwarf-with-dsym";
				ENABLE_NS_ASSERTIONS = NO;
				ENABLE_STRICT_OBJC_MSGSEND = YES;
				ENABLE_USER_SCRIPT_SANDBOXING = YES;
				GCC_C_LANGUAGE_STANDARD = gnu17;
				GCC_NO_COMMON_BLOCKS = YES;
				GCC_WARN_64_TO_32_BIT_CONVERSION = YES;
				GCC_WARN_ABOUT_RETURN_TYPE = YES_ERROR;
				GCC_WARN_UNDECLARED_SELECTOR = YES;
				GCC_WARN_UNINITIALIZED_AUTOS = YES_AGGRESSIVE;
				GCC_WARN_UNUSED_FUNCTION = YES;
				GCC_WARN_UNUSED_VARIABLE = YES;
				IPHONEOS_DEPLOYMENT_TARGET = 17.0;
				LOCALIZATION_PREFERS_STRING_CATALOGS = YES;
				MTL_ENABLE_DEBUG_INFO = NO;
				MTL_FAST_MATH = YES;
				SDKROOT = iphoneos;
				SWIFT_COMPILATION_MODE = wholemodule;
				VALIDATE_PRODUCT = YES;
			};
			name = Release;
		};
		0E7681992B331BD500DBA0DF /* Debug */ = {
			isa = XCBuildConfiguration;
			buildSettings = {
				ASSETCATALOG_COMPILER_APPICON_NAME = AppIcon;
				ASSETCATALOG_COMPILER_GLOBAL_ACCENT_COLOR_NAME = AccentColor;
				CODE_SIGN_STYLE = Automatic;
				CURRENT_PROJECT_VERSION = 1;
				DEVELOPMENT_ASSET_PATHS = "\"ParisSportif/Preview Content\"";
				ENABLE_PREVIEWS = YES;
				GENERATE_INFOPLIST_FILE = YES;
				INFOPLIST_KEY_UIApplicationSceneManifest_Generation = YES;
				INFOPLIST_KEY_UIApplicationSupportsIndirectInputEvents = YES;
				INFOPLIST_KEY_UILaunchScreen_Generation = YES;
				INFOPLIST_KEY_UISupportedInterfaceOrientations_iPad = "UIInterfaceOrientationPortrait UIInterfaceOrientationPortraitUpsideDown UIInterfaceOrientationLandscapeLeft UIInterfaceOrientationLandscapeRight";
				INFOPLIST_KEY_UISupportedInterfaceOrientations_iPhone = "UIInterfaceOrientationPortrait UIInterfaceOrientationLandscapeLeft UIInterfaceOrientationLandscapeRight";
				LD_RUNPATH_SEARCH_PATHS = (
					"$(inherited)",
					"@executable_path/Frameworks",
				);
				MARKETING_VERSION = 1.0;
				PRODUCT_BUNDLE_IDENTIFIER = me.reda.mimouni.ParisSportif;
				PRODUCT_NAME = "$(TARGET_NAME)";
				SWIFT_EMIT_LOC_STRINGS = YES;
				SWIFT_VERSION = 6.0;
				TARGETED_DEVICE_FAMILY = "1,2";
			};
			name = Debug;
		};
		0E76819A2B331BD500DBA0DF /* Release */ = {
			isa = XCBuildConfiguration;
			buildSettings = {
				ASSETCATALOG_COMPILER_APPICON_NAME = AppIcon;
				ASSETCATALOG_COMPILER_GLOBAL_ACCENT_COLOR_NAME = AccentColor;
				CODE_SIGN_STYLE = Automatic;
				CURRENT_PROJECT_VERSION = 1;
				DEVELOPMENT_ASSET_PATHS = "\"ParisSportif/Preview Content\"";
				ENABLE_PREVIEWS = YES;
				GENERATE_INFOPLIST_FILE = YES;
				INFOPLIST_KEY_UIApplicationSceneManifest_Generation = YES;
				INFOPLIST_KEY_UIApplicationSupportsIndirectInputEvents = YES;
				INFOPLIST_KEY_UILaunchScreen_Generation = YES;
				INFOPLIST_KEY_UISupportedInterfaceOrientations_iPad = "UIInterfaceOrientationPortrait UIInterfaceOrientationPortraitUpsideDown UIInterfaceOrientationLandscapeLeft UIInterfaceOrientationLandscapeRight";
				INFOPLIST_KEY_UISupportedInterfaceOrientations_iPhone = "UIInterfaceOrientationPortrait UIInterfaceOrientationLandscapeLeft UIInterfaceOrientationLandscapeRight";
				LD_RUNPATH_SEARCH_PATHS = (
					"$(inherited)",
					"@executable_path/Frameworks",
				);
				MARKETING_VERSION = 1.0;
				PRODUCT_BUNDLE_IDENTIFIER = me.reda.mimouni.ParisSportif;
				PRODUCT_NAME = "$(TARGET_NAME)";
				SWIFT_EMIT_LOC_STRINGS = YES;
				SWIFT_VERSION = 6.0;
				TARGETED_DEVICE_FAMILY = "1,2";
			};
			name = Release;
		};
		0E76819C2B331BD500DBA0DF /* Debug */ = {
			isa = XCBuildConfiguration;
			buildSettings = {
				ALWAYS_EMBED_SWIFT_STANDARD_LIBRARIES = YES;
				BUNDLE_LOADER = "$(TEST_HOST)";
				CODE_SIGN_STYLE = Automatic;
				CURRENT_PROJECT_VERSION = 1;
				GENERATE_INFOPLIST_FILE = YES;
				IPHONEOS_DEPLOYMENT_TARGET = 17.0;
				MARKETING_VERSION = 1.0;
				PRODUCT_BUNDLE_IDENTIFIER = me.reda.mimouni.ParisSportifTests;
				PRODUCT_NAME = "$(TARGET_NAME)";
				SWIFT_EMIT_LOC_STRINGS = NO;
				SWIFT_VERSION = 5.0;
				TARGETED_DEVICE_FAMILY = "1,2";
				TEST_HOST = "$(BUILT_PRODUCTS_DIR)/ParisSportif.app/$(BUNDLE_EXECUTABLE_FOLDER_PATH)/ParisSportif";
			};
			name = Debug;
		};
		0E76819D2B331BD500DBA0DF /* Release */ = {
			isa = XCBuildConfiguration;
			buildSettings = {
				ALWAYS_EMBED_SWIFT_STANDARD_LIBRARIES = YES;
				BUNDLE_LOADER = "$(TEST_HOST)";
				CODE_SIGN_STYLE = Automatic;
				CURRENT_PROJECT_VERSION = 1;
				GENERATE_INFOPLIST_FILE = YES;
				IPHONEOS_DEPLOYMENT_TARGET = 17.0;
				MARKETING_VERSION = 1.0;
				PRODUCT_BUNDLE_IDENTIFIER = me.reda.mimouni.ParisSportifTests;
				PRODUCT_NAME = "$(TARGET_NAME)";
				SWIFT_EMIT_LOC_STRINGS = NO;
				SWIFT_VERSION = 5.0;
				TARGETED_DEVICE_FAMILY = "1,2";
				TEST_HOST = "$(BUILT_PRODUCTS_DIR)/ParisSportif.app/$(BUNDLE_EXECUTABLE_FOLDER_PATH)/ParisSportif";
			};
			name = Release;
		};
/* End XCBuildConfiguration section */

/* Begin XCConfigurationList section */
		0E76816F2B331BD400DBA0DF /* Build configuration list for PBXProject "ParisSportif" */ = {
			isa = XCConfigurationList;
			buildConfigurations = (
				0E7681962B331BD500DBA0DF /* Debug */,
				0E7681972B331BD500DBA0DF /* Release */,
			);
			defaultConfigurationIsVisible = 0;
			defaultConfigurationName = Release;
		};
		0E7681982B331BD500DBA0DF /* Build configuration list for PBXNativeTarget "ParisSportif" */ = {
			isa = XCConfigurationList;
			buildConfigurations = (
				0E7681992B331BD500DBA0DF /* Debug */,
				0E76819A2B331BD500DBA0DF /* Release */,
			);
			defaultConfigurationIsVisible = 0;
			defaultConfigurationName = Release;
		};
		0E76819B2B331BD500DBA0DF /* Build configuration list for PBXNativeTarget "ParisSportifTests" */ = {
			isa = XCConfigurationList;
			buildConfigurations = (
				0E76819C2B331BD500DBA0DF /* Debug */,
				0E76819D2B331BD500DBA0DF /* Release */,
			);
			defaultConfigurationIsVisible = 0;
			defaultConfigurationName = Release;
		};
/* End XCConfigurationList section */
	};
	rootObject = 0E76816C2B331BD400DBA0DF /* Project object */;
}
